
Microsoft Visual Studio Solution File, Format Version 12.00
# Visual Studio Version 17
VisualStudioVersion = 17.3.32819.101
MinimumVisualStudioVersion = 10.0.40219.1
Project("{FAE04EC0-301F-11D3-BF4B-00C04F79EFBC}") = "PluginSerialLib", "PluginSerialLib\PluginSerialLib.csproj", "{DF1922F8-71A5-474C-8D60-3AF2762D8C02}"
EndProject
Project("{FAE04EC0-301F-11D3-BF4B-00C04F79EFBC}") = "PluginSerialConsoleTester", "PluginSerialConsoleTester\PluginSerialConsoleTester.csproj", "{65EE1339-3837-4F20-B55D-90E51A5B1643}"
EndProject
Project("{FAE04EC0-301F-11D3-BF4B-00C04F79EFBC}") = "PluginSerialFormsGui", "PluginSerialFormsGui\PluginSerialFormsGui.csproj", "{D22374E4-74DE-43E8-B702-2138F9B0458D}"
EndProject
Global
	GlobalSection(SolutionConfigurationPlatforms) = preSolution
		Debug|Any CPU = Debug|Any CPU
		Release|Any CPU = Release|Any CPU
	EndGlobalSection
	GlobalSection(ProjectConfigurationPlatforms) = postSolution
		{DF1922F8-71A5-474C-8D60-3AF2762D8C02}.Debug|Any CPU.ActiveCfg = Debug|Any CPU
		{DF1922F8-71A5-474C-8D60-3AF2762D8C02}.Debug|Any CPU.Build.0 = Debug|Any CPU
		{DF1922F8-71A5-474C-8D60-3AF2762D8C02}.Release|Any CPU.ActiveCfg = Release|Any CPU
		{DF1922F8-71A5-474C-8D60-3AF2762D8C02}.Release|Any CPU.Build.0 = Release|Any CPU
		{65EE1339-3837-4F20-B55D-90E51A5B1643}.Debug|Any CPU.ActiveCfg = Debug|Any CPU
		{65EE1339-3837-4F20-B55D-90E51A5B1643}.Debug|Any CPU.Build.0 = Debug|Any CPU
		{65EE1339-3837-4F20-B55D-90E51A5B1643}.Release|Any CPU.ActiveCfg = Release|Any CPU
		{65EE1339-3837-4F20-B55D-90E51A5B1643}.Release|Any CPU.Build.0 = Release|Any CPU
		{D22374E4-74DE-43E8-B702-2138F9B0458D}.Debug|Any CPU.ActiveCfg = Debug|Any CPU
		{D22374E4-74DE-43E8-B702-2138F9B0458D}.Debug|Any CPU.Build.0 = Debug|Any CPU
		{D22374E4-74DE-43E8-B702-2138F9B0458D}.Release|Any CPU.ActiveCfg = Release|Any CPU
		{D22374E4-74DE-43E8-B702-2138F9B0458D}.Release|Any CPU.Build.0 = Release|Any CPU
	EndGlobalSection
	GlobalSection(SolutionProperties) = preSolution
		HideSolutionNode = FALSE
	EndGlobalSection
	GlobalSection(ExtensibilityGlobals) = postSolution
		SolutionGuid = {C975B81A-AD92-4585-A1B9-2EB164C55B08}
	EndGlobalSection
EndGlobal
